{
  "nodes": {
    "home-manager": {
      "inputs": {
        "nixpkgs": [
          "nixpkgs"
        ]
      },
      "locked": {
        "lastModified": 1715381426,
        "narHash": "sha256-wPuqrAQGdv3ISs74nJfGb+Yprm23U/rFpcHFFNWgM94=",
        "owner": "nix-community",
        "repo": "home-manager",
        "rev": "ab5542e9dbd13d0100f8baae2bc2d68af901f4b4",
        "type": "github"
      },
      "original": {
        "owner": "nix-community",
        "ref": "release-23.11",
        "repo": "home-manager",
        "type": "github"
      }
    },
    "nixpkgs": {
      "locked": {
        "lastModified": 1716061101,
        "narHash": "sha256-H0eCta7ahEgloGIwE/ihkyGstOGu+kQwAiHvwVoXaA0=",
        "owner": "NixOS",
        "repo": "nixpkgs",
        "rev": "e7cc61784ddf51c81487637b3031a6dd2d6673a2",
        "type": "github"
      },
      "original": {
        "owner": "NixOS",
        "ref": "nixos-23.11",
        "repo": "nixpkgs",
        "type": "github"
      }
    },
    "nixpkgsUnstable": {
      "locked": {
        "lastModified": 1716137900,
        "narHash": "sha256-sowPU+tLQv8GlqtVtsXioTKeaQvlMz/pefcdwg8MvfM=",
        "owner": "NixOS",
        "repo": "nixpkgs",
        "rev": "6c0b7a92c30122196a761b440ac0d46d3d9954f1",
        "type": "github"
      },
      "original": {
        "owner": "NixOS",
        "ref": "nixos-unstable",
        "repo": "nixpkgs",
        "type": "github"
      }
    },
    "root": {
      "inputs": {
        "home-manager": "home-manager",
        "nixpkgs": "nixpkgs",
        "nixpkgsUnstable": "nixpkgsUnstable"
      }
    }
  },
  "root": "root",
  "version": 7
}
